{
  "name": "@mapapp/gtfs-importer",
  "version": "0.0.0",
  "lockfileVersion": 3,
  "requires": true,
  "packages": {
    "": {
      "name": "@mapapp/gtfs-importer",
      "version": "0.0.0",
      "license": "UNLICENSED",
      "dependencies": {
        "@ubjs/core": "^0.31.0-3"
      }
    },
    "node_modules/@ubjs/core": {
      "version": "0.31.0-3",
      "resolved": "https://registry.npmjs.org/@ubjs/core/-/core-0.31.0-3.tgz",
      "integrity": "sha512-39XrJgUZ2VVb561sSnkXPhczNoeBsNiSRArecsV0JE7CJq69ajFkcn9/tBAUS2NpgHkLIDU+z6Ks2+1wXnboxg==",
      "license": "MPL-2.0"
    }
  }
}
